github.com/gopherd/doge v0.2.17 h1:+5+9TqWkG3XYo6mpK3QrPx2uuaZKma5QSG2f8hTYbvg=
github.com/gopherd/doge v0.2.17/go.mod h1:dCrNxDS8bRR/FR9CwPa8rwWSqihrg/ryBLkwobSuVo0=
github.com/gopherd/doge v0.2.18 h1:ymi7V01HvdMBQpLTtwuBk68yuTYiE6ylB+9t92sSKhs=
github.com/gopherd/doge v0.2.18/go.mod h1:dCrNxDS8bRR/FR9CwPa8rwWSqihrg/ryBLkwobSuVo0=
